
Microsoft Visual Studio Solution File, Format Version 12.00
# Visual Studio Version 16
VisualStudioVersion = 16.0.29806.167
MinimumVisualStudioVersion = 10.0.40219.1
Project("{9A19103F-16F7-4668-BE54-9A1E7A4F7556}") = "Blzr.BootstrapSelect", "src\Blzr.BootstrapSelect\Blzr.BootstrapSelect.csproj", "{056C2999-E9D9-4907-BDE7-78F8EEFDD1DD}"
EndProject
Project("{9A19103F-16F7-4668-BE54-9A1E7A4F7556}") = "WebAssembly", "samples\WebAssembly\WebAssembly.csproj", "{F414FE56-763A-4A81-985E-1D08054E2104}"
EndProject
Global
	GlobalSection(SolutionConfigurationPlatforms) = preSolution
		Debug|Any CPU = Debug|Any CPU
		Release|Any CPU = Release|Any CPU
	EndGlobalSection
	GlobalSection(ProjectConfigurationPlatforms) = postSolution
		{056C2999-E9D9-4907-BDE7-78F8EEFDD1DD}.Debug|Any CPU.ActiveCfg = Debug|Any CPU
		{056C2999-E9D9-4907-BDE7-78F8EEFDD1DD}.Debug|Any CPU.Build.0 = Debug|Any CPU
		{056C2999-E9D9-4907-BDE7-78F8EEFDD1DD}.Release|Any CPU.ActiveCfg = Release|Any CPU
		{056C2999-E9D9-4907-BDE7-78F8EEFDD1DD}.Release|Any CPU.Build.0 = Release|Any CPU
		{F414FE56-763A-4A81-985E-1D08054E2104}.Debug|Any CPU.ActiveCfg = Debug|Any CPU
		{F414FE56-763A-4A81-985E-1D08054E2104}.Debug|Any CPU.Build.0 = Debug|Any CPU
		{F414FE56-763A-4A81-985E-1D08054E2104}.Release|Any CPU.ActiveCfg = Release|Any CPU
		{F414FE56-763A-4A81-985E-1D08054E2104}.Release|Any CPU.Build.0 = Release|Any CPU
	EndGlobalSection
	GlobalSection(SolutionProperties) = preSolution
		HideSolutionNode = FALSE
	EndGlobalSection
	GlobalSection(ExtensibilityGlobals) = postSolution
		SolutionGuid = {59DCB1ED-CCDC-4072-A651-7ED812FDBBFA}
	EndGlobalSection
EndGlobal
